{
  "name": "bileto",
  "version": "1.0.0",
  "lockfileVersion": 1,
  "requires": true,
  "dependencies": {
    "openzeppelin-solidity": {
      "version": "github:OpenZeppelin/openzeppelin-solidity#4b8fcbcee16437d8a29bc0e5bb328b2a1547f996",
      "from": "github:OpenZeppelin/openzeppelin-solidity#release-v2.1.0-solc-0.5"
    }
  }
}
